
Microsoft Visual Studio Solution File, Format Version 12.00
# Visual Studio Version 16
VisualStudioVersion = 16.0.31025.194
MinimumVisualStudioVersion = 10.0.40219.1
Project("{FAE04EC0-301F-11D3-BF4B-00C04F79EFBC}") = "LabS3.1", "LabS3.1\LabS3.1.csproj", "{9AAB6115-3001-4C54-8B48-91E16E30D520}"
EndProject
Global
	GlobalSection(SolutionConfigurationPlatforms) = preSolution
		Debug|Any CPU = Debug|Any CPU
		Release|Any CPU = Release|Any CPU
	EndGlobalSection
	GlobalSection(ProjectConfigurationPlatforms) = postSolution
		{9AAB6115-3001-4C54-8B48-91E16E30D520}.Debug|Any CPU.ActiveCfg = Debug|Any CPU
		{9AAB6115-3001-4C54-8B48-91E16E30D520}.Debug|Any CPU.Build.0 = Debug|Any CPU
		{9AAB6115-3001-4C54-8B48-91E16E30D520}.Release|Any CPU.ActiveCfg = Release|Any CPU
		{9AAB6115-3001-4C54-8B48-91E16E30D520}.Release|Any CPU.Build.0 = Release|Any CPU
	EndGlobalSection
	GlobalSection(SolutionProperties) = preSolution
		HideSolutionNode = FALSE
	EndGlobalSection
	GlobalSection(ExtensibilityGlobals) = postSolution
		SolutionGuid = {F0403DBC-884A-4FB5-B32F-E7B06C8169A7}
	EndGlobalSection
EndGlobal
